
Microsoft Visual Studio Solution File, Format Version 12.00
# Visual Studio Version 17
VisualStudioVersion = 17.9.34728.123
MinimumVisualStudioVersion = 10.0.40219.1
Project("{FAE04EC0-301F-11D3-BF4B-00C04F79EFBC}") = "P4Metodologias", "P4Metodologias.csproj", "{4D8A66A4-25D2-44FC-9546-924F7779E7CF}"
EndProject
Global
	GlobalSection(SolutionConfigurationPlatforms) = preSolution
		Debug|Any CPU = Debug|Any CPU
		Release|Any CPU = Release|Any CPU
	EndGlobalSection
	GlobalSection(ProjectConfigurationPlatforms) = postSolution
		{4D8A66A4-25D2-44FC-9546-924F7779E7CF}.Debug|Any CPU.ActiveCfg = Debug|Any CPU
		{4D8A66A4-25D2-44FC-9546-924F7779E7CF}.Debug|Any CPU.Build.0 = Debug|Any CPU
		{4D8A66A4-25D2-44FC-9546-924F7779E7CF}.Release|Any CPU.ActiveCfg = Release|Any CPU
		{4D8A66A4-25D2-44FC-9546-924F7779E7CF}.Release|Any CPU.Build.0 = Release|Any CPU
	EndGlobalSection
	GlobalSection(SolutionProperties) = preSolution
		HideSolutionNode = FALSE
	EndGlobalSection
	GlobalSection(ExtensibilityGlobals) = postSolution
		SolutionGuid = {03C79281-5B78-4B68-AA82-840EAE8051F3}
	EndGlobalSection
EndGlobal
